// !$*UTF8*$!
{
	archiveVersion = 1;
	classes = {
	};
	objectVersion = 51;
	objects = {

/* Begin PBXBuildFile section */
		030E310624080FA3005D5CC3 /* TeacherLogInViewController.swift in Sources */ = {isa = PBXBuildFile; fileRef = 030E310524080FA3005D5CC3 /* TeacherLogInViewController.swift */; };
		030E310824080FB0005D5CC3 /* TeacherMainViewController.swift in Sources */ = {isa = PBXBuildFile; fileRef = 030E310724080FB0005D5CC3 /* TeacherMainViewController.swift */; };
		030E310A24080FD1005D5CC3 /* NewSetViewController.swift in Sources */ = {isa = PBXBuildFile; fileRef = 030E310924080FD1005D5CC3 /* NewSetViewController.swift */; };
		030E310C24080FDD005D5CC3 /* PlaySetViewController.swift in Sources */ = {isa = PBXBuildFile; fileRef = 030E310B24080FDD005D5CC3 /* PlaySetViewController.swift */; };
		030E310E2408102C005D5CC3 /* StudentLogInViewController.swift in Sources */ = {isa = PBXBuildFile; fileRef = 030E310D2408102C005D5CC3 /* StudentLogInViewController.swift */; };
		030E311024081039005D5CC3 /* StudentMainViewController.swift in Sources */ = {isa = PBXBuildFile; fileRef = 030E310F24081039005D5CC3 /* StudentMainViewController.swift */; };
		030E311224081044005D5CC3 /* LeaderboardViewController.swift in Sources */ = {isa = PBXBuildFile; fileRef = 030E311124081044005D5CC3 /* LeaderboardViewController.swift */; };
		030E3114240C97C0005D5CC3 /* GoogleService-Info.plist in Resources */ = {isa = PBXBuildFile; fileRef = 030E3113240C97C0005D5CC3 /* GoogleService-Info.plist */; };
		03BBB40624002E5F0010CE3A /* RollViewController.swift in Sources */ = {isa = PBXBuildFile; fileRef = 03BBB40524002E5F0010CE3A /* RollViewController.swift */; };
		03BBB40824002F4C0010CE3A /* TeacherChoiceViewController.swift in Sources */ = {isa = PBXBuildFile; fileRef = 03BBB40724002F4C0010CE3A /* TeacherChoiceViewController.swift */; };
		03BBB40A24002F6D0010CE3A /* TeacherSignUpViewController.swift in Sources */ = {isa = PBXBuildFile; fileRef = 03BBB40924002F6D0010CE3A /* TeacherSignUpViewController.swift */; };
		591F50D42408133F00ABCCA9 /* StudySetViewController.swift in Sources */ = {isa = PBXBuildFile; fileRef = 591F50D32408133F00ABCCA9 /* StudySetViewController.swift */; };
		591F50D6240813D200ABCCA9 /* StudySetObject.swift in Sources */ = {isa = PBXBuildFile; fileRef = 591F50D5240813D200ABCCA9 /* StudySetObject.swift */; };
		6EC3CF5409B575B3AE0AEE42 /* Pods_Quleo.framework in Frameworks */ = {isa = PBXBuildFile; fileRef = 29246358DFC6AA53781FF16C /* Pods_Quleo.framework */; };
		9E13114023FEC50500622A18 /* AppDelegate.swift in Sources */ = {isa = PBXBuildFile; fileRef = 9E13113F23FEC50500622A18 /* AppDelegate.swift */; };
		9E13114223FEC50500622A18 /* SceneDelegate.swift in Sources */ = {isa = PBXBuildFile; fileRef = 9E13114123FEC50500622A18 /* SceneDelegate.swift */; };
		9E13114423FEC50500622A18 /* ViewController.swift in Sources */ = {isa = PBXBuildFile; fileRef = 9E13114323FEC50500622A18 /* ViewController.swift */; };
		9E13114723FEC50500622A18 /* Main.storyboard in Resources */ = {isa = PBXBuildFile; fileRef = 9E13114523FEC50500622A18 /* Main.storyboard */; };
		9E13114923FEC51B00622A18 /* Assets.xcassets in Resources */ = {isa = PBXBuildFile; fileRef = 9E13114823FEC51B00622A18 /* Assets.xcassets */; };
		9E13114C23FEC51B00622A18 /* LaunchScreen.storyboard in Resources */ = {isa = PBXBuildFile; fileRef = 9E13114A23FEC51B00622A18 /* LaunchScreen.storyboard */; };
		9E13115723FEC51C00622A18 /* QuleoTests.swift in Sources */ = {isa = PBXBuildFile; fileRef = 9E13115623FEC51C00622A18 /* QuleoTests.swift */; };
		9E13116223FEC51C00622A18 /* QuleoUITests.swift in Sources */ = {isa = PBXBuildFile; fileRef = 9E13116123FEC51C00622A18 /* QuleoUITests.swift */; };
		9EBC05A3240D3E2B002D46D1 /* Leaderboard.swift in Sources */ = {isa = PBXBuildFile; fileRef = 9EBC05A2240D3E2A002D46D1 /* Leaderboard.swift */; };
		DA27AE0223FECE66001E5501 /* GameViewController1.swift in Sources */ = {isa = PBXBuildFile; fileRef = DA27AE0123FECE66001E5501 /* GameViewController1.swift */; };
		DA27AE0423FECEA6001E5501 /* GameScene1.sks in Resources */ = {isa = PBXBuildFile; fileRef = DA27AE0323FECEA6001E5501 /* GameScene1.sks */; };
		DA27AE0623FECEE1001E5501 /* GameScene.swift in Sources */ = {isa = PBXBuildFile; fileRef = DA27AE0523FECEE1001E5501 /* GameScene.swift */; };
/* End PBXBuildFile section */

/* Begin PBXContainerItemProxy section */
		9E13115323FEC51C00622A18 /* PBXContainerItemProxy */ = {
			isa = PBXContainerItemProxy;
			containerPortal = 9E13113423FEC50400622A18 /* Project object */;
			proxyType = 1;
			remoteGlobalIDString = 9E13113B23FEC50500622A18;
			remoteInfo = Quleo;
		};
		9E13115E23FEC51C00622A18 /* PBXContainerItemProxy */ = {
			isa = PBXContainerItemProxy;
			containerPortal = 9E13113423FEC50400622A18 /* Project object */;
			proxyType = 1;
			remoteGlobalIDString = 9E13113B23FEC50500622A18;
			remoteInfo = Quleo;
		};
/* End PBXContainerItemProxy section */

/* Begin PBXFileReference section */
		030E310524080FA3005D5CC3 /* TeacherLogInViewController.swift */ = {isa = PBXFileReference; lastKnownFileType = sourcecode.swift; path = TeacherLogInViewController.swift; sourceTree = "<group>"; };
		030E310724080FB0005D5CC3 /* TeacherMainViewController.swift */ = {isa = PBXFileReference; lastKnownFileType = sourcecode.swift; path = TeacherMainViewController.swift; sourceTree = "<group>"; };
		030E310924080FD1005D5CC3 /* NewSetViewController.swift */ = {isa = PBXFileReference; lastKnownFileType = sourcecode.swift; path = NewSetViewController.swift; sourceTree = "<group>"; };
		030E310B24080FDD005D5CC3 /* PlaySetViewController.swift */ = {isa = PBXFileReference; lastKnownFileType = sourcecode.swift; path = PlaySetViewController.swift; sourceTree = "<group>"; };
		030E310D2408102C005D5CC3 /* StudentLogInViewController.swift */ = {isa = PBXFileReference; lastKnownFileType = sourcecode.swift; path = StudentLogInViewController.swift; sourceTree = "<group>"; };
		030E310F24081039005D5CC3 /* StudentMainViewController.swift */ = {isa = PBXFileReference; lastKnownFileType = sourcecode.swift; path = StudentMainViewController.swift; sourceTree = "<group>"; };
		030E311124081044005D5CC3 /* LeaderboardViewController.swift */ = {isa = PBXFileReference; lastKnownFileType = sourcecode.swift; path = LeaderboardViewController.swift; sourceTree = "<group>"; };
		030E3113240C97C0005D5CC3 /* GoogleService-Info.plist */ = {isa = PBXFileReference; fileEncoding = 4; lastKnownFileType = text.plist.xml; path = "GoogleService-Info.plist"; sourceTree = "<group>"; };
		03BBB40524002E5F0010CE3A /* RollViewController.swift */ = {isa = PBXFileReference; lastKnownFileType = sourcecode.swift; path = RollViewController.swift; sourceTree = "<group>"; };
		03BBB40724002F4C0010CE3A /* TeacherChoiceViewController.swift */ = {isa = PBXFileReference; lastKnownFileType = sourcecode.swift; path = TeacherChoiceViewController.swift; sourceTree = "<group>"; };
		03BBB40924002F6D0010CE3A /* TeacherSignUpViewController.swift */ = {isa = PBXFileReference; lastKnownFileType = sourcecode.swift; path = TeacherSignUpViewController.swift; sourceTree = "<group>"; };
		0A246F27BABA65C07BF8F371 /* Pods-Quleo.debug.xcconfig */ = {isa = PBXFileReference; includeInIndex = 1; lastKnownFileType = text.xcconfig; name = "Pods-Quleo.debug.xcconfig"; path = "Target Support Files/Pods-Quleo/Pods-Quleo.debug.xcconfig"; sourceTree = "<group>"; };
		29246358DFC6AA53781FF16C /* Pods_Quleo.framework */ = {isa = PBXFileReference; explicitFileType = wrapper.framework; includeInIndex = 0; path = Pods_Quleo.framework; sourceTree = BUILT_PRODUCTS_DIR; };
		591F50D32408133F00ABCCA9 /* StudySetViewController.swift */ = {isa = PBXFileReference; lastKnownFileType = sourcecode.swift; path = StudySetViewController.swift; sourceTree = "<group>"; };
		591F50D5240813D200ABCCA9 /* StudySetObject.swift */ = {isa = PBXFileReference; fileEncoding = 4; lastKnownFileType = sourcecode.swift; path = StudySetObject.swift; sourceTree = "<group>"; };
		9E13113C23FEC50500622A18 /* Quleo.app */ = {isa = PBXFileReference; explicitFileType = wrapper.application; includeInIndex = 0; path = Quleo.app; sourceTree = BUILT_PRODUCTS_DIR; };
		9E13113F23FEC50500622A18 /* AppDelegate.swift */ = {isa = PBXFileReference; lastKnownFileType = sourcecode.swift; path = AppDelegate.swift; sourceTree = "<group>"; };
		9E13114123FEC50500622A18 /* SceneDelegate.swift */ = {isa = PBXFileReference; lastKnownFileType = sourcecode.swift; path = SceneDelegate.swift; sourceTree = "<group>"; };
		9E13114323FEC50500622A18 /* ViewController.swift */ = {isa = PBXFileReference; lastKnownFileType = sourcecode.swift; path = ViewController.swift; sourceTree = "<group>"; };
		9E13114623FEC50500622A18 /* Base */ = {isa = PBXFileReference; lastKnownFileType = file.storyboard; name = Base; path = Base.lproj/Main.storyboard; sourceTree = "<group>"; };
		9E13114823FEC51B00622A18 /* Assets.xcassets */ = {isa = PBXFileReference; lastKnownFileType = folder.assetcatalog; path = Assets.xcassets; sourceTree = "<group>"; };
		9E13114B23FEC51B00622A18 /* Base */ = {isa = PBXFileReference; lastKnownFileType = file.storyboard; name = Base; path = Base.lproj/LaunchScreen.storyboard; sourceTree = "<group>"; };
		9E13114D23FEC51B00622A18 /* Info.plist */ = {isa = PBXFileReference; lastKnownFileType = text.plist.xml; path = Info.plist; sourceTree = "<group>"; };
		9E13115223FEC51C00622A18 /* QuleoTests.xctest */ = {isa = PBXFileReference; explicitFileType = wrapper.cfbundle; includeInIndex = 0; path = QuleoTests.xctest; sourceTree = BUILT_PRODUCTS_DIR; };
		9E13115623FEC51C00622A18 /* QuleoTests.swift */ = {isa = PBXFileReference; lastKnownFileType = sourcecode.swift; path = QuleoTests.swift; sourceTree = "<group>"; };
		9E13115823FEC51C00622A18 /* Info.plist */ = {isa = PBXFileReference; lastKnownFileType = text.plist.xml; path = Info.plist; sourceTree = "<group>"; };
		9E13115D23FEC51C00622A18 /* QuleoUITests.xctest */ = {isa = PBXFileReference; explicitFileType = wrapper.cfbundle; includeInIndex = 0; path = QuleoUITests.xctest; sourceTree = BUILT_PRODUCTS_DIR; };
		9E13116123FEC51C00622A18 /* QuleoUITests.swift */ = {isa = PBXFileReference; lastKnownFileType = sourcecode.swift; path = QuleoUITests.swift; sourceTree = "<group>"; };
		9E13116323FEC51C00622A18 /* Info.plist */ = {isa = PBXFileReference; lastKnownFileType = text.plist.xml; path = Info.plist; sourceTree = "<group>"; };
		9EBC05A2240D3E2A002D46D1 /* Leaderboard.swift */ = {isa = PBXFileReference; fileEncoding = 4; lastKnownFileType = sourcecode.swift; path = Leaderboard.swift; sourceTree = "<group>"; };
		C4D3311C182E83F88A122F87 /* Pods-Quleo.release.xcconfig */ = {isa = PBXFileReference; includeInIndex = 1; lastKnownFileType = text.xcconfig; name = "Pods-Quleo.release.xcconfig"; path = "Target Support Files/Pods-Quleo/Pods-Quleo.release.xcconfig"; sourceTree = "<group>"; };
		DA27AE0123FECE66001E5501 /* GameViewController1.swift */ = {isa = PBXFileReference; lastKnownFileType = sourcecode.swift; path = GameViewController1.swift; sourceTree = "<group>"; };
		DA27AE0323FECEA6001E5501 /* GameScene1.sks */ = {isa = PBXFileReference; lastKnownFileType = file.sks; path = GameScene1.sks; sourceTree = "<group>"; };
		DA27AE0523FECEE1001E5501 /* GameScene.swift */ = {isa = PBXFileReference; lastKnownFileType = sourcecode.swift; path = GameScene.swift; sourceTree = "<group>"; };
/* End PBXFileReference section */

/* Begin PBXFrameworksBuildPhase section */
		9E13113923FEC50500622A18 /* Frameworks */ = {
			isa = PBXFrameworksBuildPhase;
			buildActionMask = 2147483647;
			files = (
				6EC3CF5409B575B3AE0AEE42 /* Pods_Quleo.framework in Frameworks */,
			);
			runOnlyForDeploymentPostprocessing = 0;
		};
		9E13114F23FEC51C00622A18 /* Frameworks */ = {
			isa = PBXFrameworksBuildPhase;
			buildActionMask = 2147483647;
			files = (
			);
			runOnlyForDeploymentPostprocessing = 0;
		};
		9E13115A23FEC51C00622A18 /* Frameworks */ = {
			isa = PBXFrameworksBuildPhase;
			buildActionMask = 2147483647;
			files = (
			);
			runOnlyForDeploymentPostprocessing = 0;
		};
/* End PBXFrameworksBuildPhase section */

/* Begin PBXGroup section */
		2957BDC80826B7FE2D10841D /* Pods */ = {
			isa = PBXGroup;
			children = (
				0A246F27BABA65C07BF8F371 /* Pods-Quleo.debug.xcconfig */,
				C4D3311C182E83F88A122F87 /* Pods-Quleo.release.xcconfig */,
			);
			path = Pods;
			sourceTree = "<group>";
		};
		70938FB8108B49E185CAD355 /* Frameworks */ = {
			isa = PBXGroup;
			children = (
				29246358DFC6AA53781FF16C /* Pods_Quleo.framework */,
			);
			name = Frameworks;
			sourceTree = "<group>";
		};
		9E13113323FEC50400622A18 = {
			isa = PBXGroup;
			children = (
				9E13113E23FEC50500622A18 /* Quleo */,
				9E13115523FEC51C00622A18 /* QuleoTests */,
				9E13116023FEC51C00622A18 /* QuleoUITests */,
				9E13113D23FEC50500622A18 /* Products */,
				2957BDC80826B7FE2D10841D /* Pods */,
				70938FB8108B49E185CAD355 /* Frameworks */,
			);
			sourceTree = "<group>";
		};
		9E13113D23FEC50500622A18 /* Products */ = {
			isa = PBXGroup;
			children = (
				9E13113C23FEC50500622A18 /* Quleo.app */,
				9E13115223FEC51C00622A18 /* QuleoTests.xctest */,
				9E13115D23FEC51C00622A18 /* QuleoUITests.xctest */,
			);
			name = Products;
			sourceTree = "<group>";
		};
		9E13113E23FEC50500622A18 /* Quleo */ = {
			isa = PBXGroup;
			children = (
				9EBC05A2240D3E2A002D46D1 /* Leaderboard.swift */,
				9E13113F23FEC50500622A18 /* AppDelegate.swift */,
				9E13114123FEC50500622A18 /* SceneDelegate.swift */,
				9E13114323FEC50500622A18 /* ViewController.swift */,
				9E13114523FEC50500622A18 /* Main.storyboard */,
				9E13114823FEC51B00622A18 /* Assets.xcassets */,
				9E13114A23FEC51B00622A18 /* LaunchScreen.storyboard */,
				9E13114D23FEC51B00622A18 /* Info.plist */,
				030E3113240C97C0005D5CC3 /* GoogleService-Info.plist */,
				DA27AE0123FECE66001E5501 /* GameViewController1.swift */,
				DA27AE0323FECEA6001E5501 /* GameScene1.sks */,
				DA27AE0523FECEE1001E5501 /* GameScene.swift */,
				03BBB40524002E5F0010CE3A /* RollViewController.swift */,
				03BBB40724002F4C0010CE3A /* TeacherChoiceViewController.swift */,
				03BBB40924002F6D0010CE3A /* TeacherSignUpViewController.swift */,
				030E310524080FA3005D5CC3 /* TeacherLogInViewController.swift */,
				030E310724080FB0005D5CC3 /* TeacherMainViewController.swift */,
				030E310924080FD1005D5CC3 /* NewSetViewController.swift */,
				030E310B24080FDD005D5CC3 /* PlaySetViewController.swift */,
				030E310D2408102C005D5CC3 /* StudentLogInViewController.swift */,
				030E310F24081039005D5CC3 /* StudentMainViewController.swift */,
				030E311124081044005D5CC3 /* LeaderboardViewController.swift */,
				591F50D32408133F00ABCCA9 /* StudySetViewController.swift */,
				591F50D5240813D200ABCCA9 /* StudySetObject.swift */,
			);
			path = Quleo;
			sourceTree = "<group>";
		};
		9E13115523FEC51C00622A18 /* QuleoTests */ = {
			isa = PBXGroup;
			children = (
				9E13115623FEC51C00622A18 /* QuleoTests.swift */,
				9E13115823FEC51C00622A18 /* Info.plist */,
			);
			path = QuleoTests;
			sourceTree = "<group>";
		};
		9E13116023FEC51C00622A18 /* QuleoUITests */ = {
			isa = PBXGroup;
			children = (
				9E13116123FEC51C00622A18 /* QuleoUITests.swift */,
				9E13116323FEC51C00622A18 /* Info.plist */,
			);
			path = QuleoUITests;
			sourceTree = "<group>";
		};
/* End PBXGroup section */

/* Begin PBXNativeTarget section */
		9E13113B23FEC50500622A18 /* Quleo */ = {
			isa = PBXNativeTarget;
			buildConfigurationList = 9E13116623FEC51C00622A18 /* Build configuration list for PBXNativeTarget "Quleo" */;
			buildPhases = (
				5AC50AAE31DD7E5AF9DC5C6B /* [CP] Check Pods Manifest.lock */,
				9E13113823FEC50500622A18 /* Sources */,
				9E13113923FEC50500622A18 /* Frameworks */,
				9E13113A23FEC50500622A18 /* Resources */,
				F69E3B132E3FA885BBC9A0CE /* [CP] Embed Pods Frameworks */,
			);
			buildRules = (
			);
			dependencies = (
			);
			name = Quleo;
			productName = Quleo;
			productReference = 9E13113C23FEC50500622A18 /* Quleo.app */;
			productType = "com.apple.product-type.application";
		};
		9E13115123FEC51C00622A18 /* QuleoTests */ = {
			isa = PBXNativeTarget;
			buildConfigurationList = 9E13116923FEC51C00622A18 /* Build configuration list for PBXNativeTarget "QuleoTests" */;
			buildPhases = (
				9E13114E23FEC51C00622A18 /* Sources */,
				9E13114F23FEC51C00622A18 /* Frameworks */,
				9E13115023FEC51C00622A18 /* Resources */,
			);
			buildRules = (
			);
			dependencies = (
				9E13115423FEC51C00622A18 /* PBXTargetDependency */,
			);
			name = QuleoTests;
			productName = QuleoTests;
			productReference = 9E13115223FEC51C00622A18 /* QuleoTests.xctest */;
			productType = "com.apple.product-type.bundle.unit-test";
		};
		9E13115C23FEC51C00622A18 /* QuleoUITests */ = {
			isa = PBXNativeTarget;
			buildConfigurationList = 9E13116C23FEC51C00622A18 /* Build configuration list for PBXNativeTarget "QuleoUITests" */;
			buildPhases = (
				9E13115923FEC51C00622A18 /* Sources */,
				9E13115A23FEC51C00622A18 /* Frameworks */,
				9E13115B23FEC51C00622A18 /* Resources */,
			);
			buildRules = (
			);
			dependencies = (
				9E13115F23FEC51C00622A18 /* PBXTargetDependency */,
			);
			name = QuleoUITests;
			productName = QuleoUITests;
			productReference = 9E13115D23FEC51C00622A18 /* QuleoUITests.xctest */;
			productType = "com.apple.product-type.bundle.ui-testing";
		};
/* End PBXNativeTarget section */

/* Begin PBXProject section */
		9E13113423FEC50400622A18 /* Project object */ = {
			isa = PBXProject;
			attributes = {
				LastSwiftUpdateCheck = 1130;
				LastUpgradeCheck = 1130;
				ORGANIZATIONNAME = "Jake Ridgway (student LM)";
				TargetAttributes = {
					9E13113B23FEC50500622A18 = {
						CreatedOnToolsVersion = 11.3.1;
					};
					9E13115123FEC51C00622A18 = {
						CreatedOnToolsVersion = 11.3.1;
						TestTargetID = 9E13113B23FEC50500622A18;
					};
					9E13115C23FEC51C00622A18 = {
						CreatedOnToolsVersion = 11.3.1;
						TestTargetID = 9E13113B23FEC50500622A18;
					};
				};
			};
			buildConfigurationList = 9E13113723FEC50400622A18 /* Build configuration list for PBXProject "Quleo" */;
			compatibilityVersion = "Xcode 9.3";
			developmentRegion = en;
			hasScannedForEncodings = 0;
			knownRegions = (
				en,
				Base,
			);
			mainGroup = 9E13113323FEC50400622A18;
			productRefGroup = 9E13113D23FEC50500622A18 /* Products */;
			projectDirPath = "";
			projectRoot = "";
			targets = (
				9E13113B23FEC50500622A18 /* Quleo */,
				9E13115123FEC51C00622A18 /* QuleoTests */,
				9E13115C23FEC51C00622A18 /* QuleoUITests */,
			);
		};
/* End PBXProject section */

/* Begin PBXResourcesBuildPhase section */
		9E13113A23FEC50500622A18 /* Resources */ = {
			isa = PBXResourcesBuildPhase;
			buildActionMask = 2147483647;
			files = (
				9E13114C23FEC51B00622A18 /* LaunchScreen.storyboard in Resources */,
				9E13114923FEC51B00622A18 /* Assets.xcassets in Resources */,
				030E3114240C97C0005D5CC3 /* GoogleService-Info.plist in Resources */,
				DA27AE0423FECEA6001E5501 /* GameScene1.sks in Resources */,
				9E13114723FEC50500622A18 /* Main.storyboard in Resources */,
			);
			runOnlyForDeploymentPostprocessing = 0;
		};
		9E13115023FEC51C00622A18 /* Resources */ = {
			isa = PBXResourcesBuildPhase;
			buildActionMask = 2147483647;
			files = (
			);
			runOnlyForDeploymentPostprocessing = 0;
		};
		9E13115B23FEC51C00622A18 /* Resources */ = {
			isa = PBXResourcesBuildPhase;
			buildActionMask = 2147483647;
			files = (
			);
			runOnlyForDeploymentPostprocessing = 0;
		};
/* End PBXResourcesBuildPhase section */

/* Begin PBXShellScriptBuildPhase section */
		5AC50AAE31DD7E5AF9DC5C6B /* [CP] Check Pods Manifest.lock */ = {
			isa = PBXShellScriptBuildPhase;
			buildActionMask = 2147483647;
			files = (
			);
			inputFileListPaths = (
			);
			inputPaths = (
				"${PODS_PODFILE_DIR_PATH}/Podfile.lock",
				"${PODS_ROOT}/Manifest.lock",
			);
			name = "[CP] Check Pods Manifest.lock";
			outputFileListPaths = (
			);
			outputPaths = (
				"$(DERIVED_FILE_DIR)/Pods-Quleo-checkManifestLockResult.txt",
			);
			runOnlyForDeploymentPostprocessing = 0;
			shellPath = /bin/sh;
			shellScript = "diff \"${PODS_PODFILE_DIR_PATH}/Podfile.lock\" \"${PODS_ROOT}/Manifest.lock\" > /dev/null\nif [ $? != 0 ] ; then\n    # print error to STDERR\n    echo \"error: The sandbox is not in sync with the Podfile.lock. Run 'pod install' or update your CocoaPods installation.\" >&2\n    exit 1\nfi\n# This output is used by Xcode 'outputs' to avoid re-running this script phase.\necho \"SUCCESS\" > \"${SCRIPT_OUTPUT_FILE_0}\"\n";
			showEnvVarsInLog = 0;
		};
		F69E3B132E3FA885BBC9A0CE /* [CP] Embed Pods Frameworks */ = {
			isa = PBXShellScriptBuildPhase;
			buildActionMask = 2147483647;
			files = (
			);
			inputFileListPaths = (
				"${PODS_ROOT}/Target Support Files/Pods-Quleo/Pods-Quleo-frameworks-${CONFIGURATION}-input-files.xcfilelist",
			);
			name = "[CP] Embed Pods Frameworks";
			outputFileListPaths = (
				"${PODS_ROOT}/Target Support Files/Pods-Quleo/Pods-Quleo-frameworks-${CONFIGURATION}-output-files.xcfilelist",
			);
			runOnlyForDeploymentPostprocessing = 0;
			shellPath = /bin/sh;
			shellScript = "\"${PODS_ROOT}/Target Support Files/Pods-Quleo/Pods-Quleo-frameworks.sh\"\n";
			showEnvVarsInLog = 0;
		};
/* End PBXShellScriptBuildPhase section */

/* Begin PBXSourcesBuildPhase section */
		9E13113823FEC50500622A18 /* Sources */ = {
			isa = PBXSourcesBuildPhase;
			buildActionMask = 2147483647;
			files = (
				DA27AE0623FECEE1001E5501 /* GameScene.swift in Sources */,
				03BBB40624002E5F0010CE3A /* RollViewController.swift in Sources */,
				591F50D6240813D200ABCCA9 /* StudySetObject.swift in Sources */,
				9E13114423FEC50500622A18 /* ViewController.swift in Sources */,
				9E13114023FEC50500622A18 /* AppDelegate.swift in Sources */,
				030E310824080FB0005D5CC3 /* TeacherMainViewController.swift in Sources */,
				030E310E2408102C005D5CC3 /* StudentLogInViewController.swift in Sources */,
				03BBB40824002F4C0010CE3A /* TeacherChoiceViewController.swift in Sources */,
				030E311224081044005D5CC3 /* LeaderboardViewController.swift in Sources */,
				DA27AE0223FECE66001E5501 /* GameViewController1.swift in Sources */,
				030E310C24080FDD005D5CC3 /* PlaySetViewController.swift in Sources */,
				030E311024081039005D5CC3 /* StudentMainViewController.swift in Sources */,
				591F50D42408133F00ABCCA9 /* StudySetViewController.swift in Sources */,
				9E13114223FEC50500622A18 /* SceneDelegate.swift in Sources */,
				9EBC05A3240D3E2B002D46D1 /* Leaderboard.swift in Sources */,
				03BBB40A24002F6D0010CE3A /* TeacherSignUpViewController.swift in Sources */,
				030E310624080FA3005D5CC3 /* TeacherLogInViewController.swift in Sources */,
			);
			runOnlyForDeploymentPostprocessing = 0;
		};
		9E13114E23FEC51C00622A18 /* Sources */ = {
			isa = PBXSourcesBuildPhase;
			buildActionMask = 2147483647;
			files = (
				9E13115723FEC51C00622A18 /* QuleoTests.swift in Sources */,
			);
			runOnlyForDeploymentPostprocessing = 0;
		};
		9E13115923FEC51C00622A18 /* Sources */ = {
			isa = PBXSourcesBuildPhase;
			buildActionMask = 2147483647;
			files = (
				9E13116223FEC51C00622A18 /* QuleoUITests.swift in Sources */,
			);
			runOnlyForDeploymentPostprocessing = 0;
		};
/* End PBXSourcesBuildPhase section */

/* Begin PBXTargetDependency section */
		9E13115423FEC51C00622A18 /* PBXTargetDependency */ = {
			isa = PBXTargetDependency;
			target = 9E13113B23FEC50500622A18 /* Quleo */;
			targetProxy = 9E13115323FEC51C00622A18 /* PBXContainerItemProxy */;
		};
		9E13115F23FEC51C00622A18 /* PBXTargetDependency */ = {
			isa = PBXTargetDependency;
			target = 9E13113B23FEC50500622A18 /* Quleo */;
			targetProxy = 9E13115E23FEC51C00622A18 /* PBXContainerItemProxy */;
		};
/* End PBXTargetDependency section */

/* Begin PBXVariantGroup section */
		9E13114523FEC50500622A18 /* Main.storyboard */ = {
			isa = PBXVariantGroup;
			children = (
				9E13114623FEC50500622A18 /* Base */,
			);
			name = Main.storyboard;
			sourceTree = "<group>";
		};
		9E13114A23FEC51B00622A18 /* LaunchScreen.storyboard */ = {
			isa = PBXVariantGroup;
			children = (
				9E13114B23FEC51B00622A18 /* Base */,
			);
			name = LaunchScreen.storyboard;
			sourceTree = "<group>";
		};
/* End PBXVariantGroup section */

/* Begin XCBuildConfiguration section */
		9E13116423FEC51C00622A18 /* Debug */ = {
			isa = XCBuildConfiguration;
			buildSettings = {
				ALWAYS_SEARCH_USER_PATHS = NO;
				CLANG_ANALYZER_NONNULL = YES;
				CLANG_ANALYZER_NUMBER_OBJECT_CONVERSION = YES_AGGRESSIVE;
				CLANG_CXX_LANGUAGE_STANDARD = "gnu++14";
				CLANG_CXX_LIBRARY = "libc++";
				CLANG_ENABLE_MODULES = YES;
				CLANG_ENABLE_OBJC_ARC = YES;
				CLANG_ENABLE_OBJC_WEAK = YES;
				CLANG_WARN_BLOCK_CAPTURE_AUTORELEASING = YES;
				CLANG_WARN_BOOL_CONVERSION = YES;
				CLANG_WARN_COMMA = YES;
				CLANG_WARN_CONSTANT_CONVERSION = YES;
				CLANG_WARN_DEPRECATED_OBJC_IMPLEMENTATIONS = YES;
				CLANG_WARN_DIRECT_OBJC_ISA_USAGE = YES_ERROR;
				CLANG_WARN_DOCUMENTATION_COMMENTS = YES;
				CLANG_WARN_EMPTY_BODY = YES;
				CLANG_WARN_ENUM_CONVERSION = YES;
				CLANG_WARN_INFINITE_RECURSION = YES;
				CLANG_WARN_INT_CONVERSION = YES;
				CLANG_WARN_NON_LITERAL_NULL_CONVERSION = YES;
				CLANG_WARN_OBJC_IMPLICIT_RETAIN_SELF = YES;
				CLANG_WARN_OBJC_LITERAL_CONVERSION = YES;
				CLANG_WARN_OBJC_ROOT_CLASS = YES_ERROR;
				CLANG_WARN_RANGE_LOOP_ANALYSIS = YES;
				CLANG_WARN_STRICT_PROTOTYPES = YES;
				CLANG_WARN_SUSPICIOUS_MOVE = YES;
				CLANG_WARN_UNGUARDED_AVAILABILITY = YES_AGGRESSIVE;
				CLANG_WARN_UNREACHABLE_CODE = YES;
				CLANG_WARN__DUPLICATE_METHOD_MATCH = YES;
				COPY_PHASE_STRIP = NO;
				DEBUG_INFORMATION_FORMAT = dwarf;
				ENABLE_STRICT_OBJC_MSGSEND = YES;
				ENABLE_TESTABILITY = YES;
				GCC_C_LANGUAGE_STANDARD = gnu11;
				GCC_DYNAMIC_NO_PIC = NO;
				GCC_NO_COMMON_BLOCKS = YES;
				GCC_OPTIMIZATION_LEVEL = 0;
				GCC_PREPROCESSOR_DEFINITIONS = (
					"DEBUG=1",
					"$(inherited)",
				);
				GCC_WARN_64_TO_32_BIT_CONVERSION = YES;
				GCC_WARN_ABOUT_RETURN_TYPE = YES_ERROR;
				GCC_WARN_UNDECLARED_SELECTOR = YES;
				GCC_WARN_UNINITIALIZED_AUTOS = YES_AGGRESSIVE;
				GCC_WARN_UNUSED_FUNCTION = YES;
				GCC_WARN_UNUSED_VARIABLE = YES;
				IPHONEOS_DEPLOYMENT_TARGET = 13.2;
				MTL_ENABLE_DEBUG_INFO = INCLUDE_SOURCE;
				MTL_FAST_MATH = YES;
				ONLY_ACTIVE_ARCH = YES;
				SDKROOT = iphoneos;
				SWIFT_ACTIVE_COMPILATION_CONDITIONS = DEBUG;
				SWIFT_OPTIMIZATION_LEVEL = "-Onone";
			};
			name = Debug;
		};
		9E13116523FEC51C00622A18 /* Release */ = {
			isa = XCBuildConfiguration;
			buildSettings = {
				ALWAYS_SEARCH_USER_PATHS = NO;
				CLANG_ANALYZER_NONNULL = YES;
				CLANG_ANALYZER_NUMBER_OBJECT_CONVERSION = YES_AGGRESSIVE;
				CLANG_CXX_LANGUAGE_STANDARD = "gnu++14";
				CLANG_CXX_LIBRARY = "libc++";
				CLANG_ENABLE_MODULES = YES;
				CLANG_ENABLE_OBJC_ARC = YES;
				CLANG_ENABLE_OBJC_WEAK = YES;
				CLANG_WARN_BLOCK_CAPTURE_AUTORELEASING = YES;
				CLANG_WARN_BOOL_CONVERSION = YES;
				CLANG_WARN_COMMA = YES;
				CLANG_WARN_CONSTANT_CONVERSION = YES;
				CLANG_WARN_DEPRECATED_OBJC_IMPLEMENTATIONS = YES;
				CLANG_WARN_DIRECT_OBJC_ISA_USAGE = YES_ERROR;
				CLANG_WARN_DOCUMENTATION_COMMENTS = YES;
				CLANG_WARN_EMPTY_BODY = YES;
				CLANG_WARN_ENUM_CONVERSION = YES;
				CLANG_WARN_INFINITE_RECURSION = YES;
				CLANG_WARN_INT_CONVERSION = YES;
				CLANG_WARN_NON_LITERAL_NULL_CONVERSION = YES;
				CLANG_WARN_OBJC_IMPLICIT_RETAIN_SELF = YES;
				CLANG_WARN_OBJC_LITERAL_CONVERSION = YES;
				CLANG_WARN_OBJC_ROOT_CLASS = YES_ERROR;
				CLANG_WARN_RANGE_LOOP_ANALYSIS = YES;
				CLANG_WARN_STRICT_PROTOTYPES = YES;
				CLANG_WARN_SUSPICIOUS_MOVE = YES;
				CLANG_WARN_UNGUARDED_AVAILABILITY = YES_AGGRESSIVE;
				CLANG_WARN_UNREACHABLE_CODE = YES;
				CLANG_WARN__DUPLICATE_METHOD_MATCH = YES;
				COPY_PHASE_STRIP = NO;
				DEBUG_INFORMATION_FORMAT = "dwarf-with-dsym";
				ENABLE_NS_ASSERTIONS = NO;
				ENABLE_STRICT_OBJC_MSGSEND = YES;
				GCC_C_LANGUAGE_STANDARD = gnu11;
				GCC_NO_COMMON_BLOCKS = YES;
				GCC_WARN_64_TO_32_BIT_CONVERSION = YES;
				GCC_WARN_ABOUT_RETURN_TYPE = YES_ERROR;
				GCC_WARN_UNDECLARED_SELECTOR = YES;
				GCC_WARN_UNINITIALIZED_AUTOS = YES_AGGRESSIVE;
				GCC_WARN_UNUSED_FUNCTION = YES;
				GCC_WARN_UNUSED_VARIABLE = YES;
				IPHONEOS_DEPLOYMENT_TARGET = 13.2;
				MTL_ENABLE_DEBUG_INFO = NO;
				MTL_FAST_MATH = YES;
				SDKROOT = iphoneos;
				SWIFT_COMPILATION_MODE = wholemodule;
				SWIFT_OPTIMIZATION_LEVEL = "-O";
				VALIDATE_PRODUCT = YES;
			};
			name = Release;
		};
		9E13116723FEC51C00622A18 /* Debug */ = {
			isa = XCBuildConfiguration;
			baseConfigurationReference = 0A246F27BABA65C07BF8F371 /* Pods-Quleo.debug.xcconfig */;
			buildSettings = {
				ASSETCATALOG_COMPILER_APPICON_NAME = AppIcon;
				CODE_SIGN_STYLE = Automatic;
				DEVELOPMENT_TEAM = 9DG3WACWT7;
				INFOPLIST_FILE = Quleo/Info.plist;
				LD_RUNPATH_SEARCH_PATHS = (
					"$(inherited)",
					"@executable_path/Frameworks",
				);
				PRODUCT_BUNDLE_IDENTIFIER = com.quleo.Quleo;
				PRODUCT_NAME = "$(TARGET_NAME)";
				SWIFT_VERSION = 5.0;
				TARGETED_DEVICE_FAMILY = "1,2";
			};
			name = Debug;
		};
		9E13116823FEC51C00622A18 /* Release */ = {
			isa = XCBuildConfiguration;
			baseConfigurationReference = C4D3311C182E83F88A122F87 /* Pods-Quleo.release.xcconfig */;
			buildSettings = {
				ASSETCATALOG_COMPILER_APPICON_NAME = AppIcon;
				CODE_SIGN_STYLE = Automatic;
				DEVELOPMENT_TEAM = 9DG3WACWT7;
				INFOPLIST_FILE = Quleo/Info.plist;
				LD_RUNPATH_SEARCH_PATHS = (
					"$(inherited)",
					"@executable_path/Frameworks",
				);
				PRODUCT_BUNDLE_IDENTIFIER = com.quleo.Quleo;
				PRODUCT_NAME = "$(TARGET_NAME)";
				SWIFT_VERSION = 5.0;
				TARGETED_DEVICE_FAMILY = "1,2";
			};
			name = Release;
		};
		9E13116A23FEC51C00622A18 /* Debug */ = {
			isa = XCBuildConfiguration;
			buildSettings = {
				ALWAYS_EMBED_SWIFT_STANDARD_LIBRARIES = YES;
				BUNDLE_LOADER = "$(TEST_HOST)";
				CODE_SIGN_STYLE = Automatic;
				DEVELOPMENT_TEAM = 9DG3WACWT7;
				INFOPLIST_FILE = QuleoTests/Info.plist;
				IPHONEOS_DEPLOYMENT_TARGET = 13.2;
				LD_RUNPATH_SEARCH_PATHS = (
					"$(inherited)",
					"@executable_path/Frameworks",
					"@loader_path/Frameworks",
				);
				PRODUCT_BUNDLE_IDENTIFIER = com.quleo.QuleoTests;
				PRODUCT_NAME = "$(TARGET_NAME)";
				SWIFT_VERSION = 5.0;
				TARGETED_DEVICE_FAMILY = "1,2";
				TEST_HOST = "$(BUILT_PRODUCTS_DIR)/Quleo.app/Quleo";
			};
			name = Debug;
		};
		9E13116B23FEC51C00622A18 /* Release */ = {
			isa = XCBuildConfiguration;
			buildSettings = {
				ALWAYS_EMBED_SWIFT_STANDARD_LIBRARIES = YES;
				BUNDLE_LOADER = "$(TEST_HOST)";
				CODE_SIGN_STYLE = Automatic;
				DEVELOPMENT_TEAM = 9DG3WACWT7;
				INFOPLIST_FILE = QuleoTests/Info.plist;
				IPHONEOS_DEPLOYMENT_TARGET = 13.2;
				LD_RUNPATH_SEARCH_PATHS = (
					"$(inherited)",
					"@executable_path/Frameworks",
					"@loader_path/Frameworks",
				);
				PRODUCT_BUNDLE_IDENTIFIER = com.quleo.QuleoTests;
				PRODUCT_NAME = "$(TARGET_NAME)";
				SWIFT_VERSION = 5.0;
				TARGETED_DEVICE_FAMILY = "1,2";
				TEST_HOST = "$(BUILT_PRODUCTS_DIR)/Quleo.app/Quleo";
			};
			name = Release;
		};
		9E13116D23FEC51C00622A18 /* Debug */ = {
			isa = XCBuildConfiguration;
			buildSettings = {
				ALWAYS_EMBED_SWIFT_STANDARD_LIBRARIES = YES;
				CODE_SIGN_STYLE = Automatic;
				DEVELOPMENT_TEAM = 9DG3WACWT7;
				INFOPLIST_FILE = QuleoUITests/Info.plist;
				LD_RUNPATH_SEARCH_PATHS = (
					"$(inherited)",
					"@executable_path/Frameworks",
					"@loader_path/Frameworks",
				);
				PRODUCT_BUNDLE_IDENTIFIER = com.quleo.QuleoUITests;
				PRODUCT_NAME = "$(TARGET_NAME)";
				SWIFT_VERSION = 5.0;
				TARGETED_DEVICE_FAMILY = "1,2";
				TEST_TARGET_NAME = Quleo;
			};
			name = Debug;
		};
		9E13116E23FEC51C00622A18 /* Release */ = {
			isa = XCBuildConfiguration;
			buildSettings = {
				ALWAYS_EMBED_SWIFT_STANDARD_LIBRARIES = YES;
				CODE_SIGN_STYLE = Automatic;
				DEVELOPMENT_TEAM = 9DG3WACWT7;
				INFOPLIST_FILE = QuleoUITests/Info.plist;
				LD_RUNPATH_SEARCH_PATHS = (
					"$(inherited)",
					"@executable_path/Frameworks",
					"@loader_path/Frameworks",
				);
				PRODUCT_BUNDLE_IDENTIFIER = com.quleo.QuleoUITests;
				PRODUCT_NAME = "$(TARGET_NAME)";
				SWIFT_VERSION = 5.0;
				TARGETED_DEVICE_FAMILY = "1,2";
				TEST_TARGET_NAME = Quleo;
			};
			name = Release;
		};
/* End XCBuildConfiguration section */

/* Begin XCConfigurationList section */
		9E13113723FEC50400622A18 /* Build configuration list for PBXProject "Quleo" */ = {
			isa = XCConfigurationList;
			buildConfigurations = (
				9E13116423FEC51C00622A18 /* Debug */,
				9E13116523FEC51C00622A18 /* Release */,
			);
			defaultConfigurationIsVisible = 0;
			defaultConfigurationName = Release;
		};
		9E13116623FEC51C00622A18 /* Build configuration list for PBXNativeTarget "Quleo" */ = {
			isa = XCConfigurationList;
			buildConfigurations = (
				9E13116723FEC51C00622A18 /* Debug */,
				9E13116823FEC51C00622A18 /* Release */,
			);
			defaultConfigurationIsVisible = 0;
			defaultConfigurationName = Release;
		};
		9E13116923FEC51C00622A18 /* Build configuration list for PBXNativeTarget "QuleoTests" */ = {
			isa = XCConfigurationList;
			buildConfigurations = (
				9E13116A23FEC51C00622A18 /* Debug */,
				9E13116B23FEC51C00622A18 /* Release */,
			);
			defaultConfigurationIsVisible = 0;
			defaultConfigurationName = Release;
		};
		9E13116C23FEC51C00622A18 /* Build configuration list for PBXNativeTarget "QuleoUITests" */ = {
			isa = XCConfigurationList;
			buildConfigurations = (
				9E13116D23FEC51C00622A18 /* Debug */,
				9E13116E23FEC51C00622A18 /* Release */,
			);
			defaultConfigurationIsVisible = 0;
			defaultConfigurationName = Release;
		};
/* End XCConfigurationList section */
	};
	rootObject = 9E13113423FEC50400622A18 /* Project object */;
}
